{
  "requires": true,
  "lockfileVersion": 1,
  "dependencies": {
    "@babel/runtime": {
      "version": "7.15.4",
      "resolved": "https://registry.nlark.com/@babel/runtime/download/@babel/runtime-7.15.4.tgz?cache=0&sync_timestamp=1630618785994&other_urls=https%3A%2F%2Fregistry.nlark.com%2F%40babel%2Fruntime%2Fdownload%2F%40babel%2Fruntime-7.15.4.tgz",
      "integrity": "sha1-/RfRa/34eObdAtGXU6OfqKjZyEo=",
      "requires": {
        "regenerator-runtime": "^0.13.4"
      }
    },
    "@popperjs/core": {
      "version": "2.10.2",
      "resolved": "https://registry.npmmirror.com/@popperjs/core/download/@popperjs/core-2.10.2.tgz",
      "integrity": "sha1-B5jAM1Hw3qGlpMq93yalWny+5ZA="
    },
    "@vant/icons": {
      "version": "1.7.1",
      "resolved": "https://registry.nlark.com/@vant/icons/download/@vant/icons-1.7.1.tgz?cache=0&sync_timestamp=1631954502908&other_urls=https%3A%2F%2Fregistry.nlark.com%2F%40vant%2Ficons%2Fdownload%2F%40vant%2Ficons-1.7.1.tgz",
      "integrity": "sha1-Sa5CAwK1WB5U5olIkeWgW8dun4c="
    },
    "@vant/popperjs": {
      "version": "1.1.0",
      "resolved": "https://registry.npm.taobao.org/@vant/popperjs/download/@vant/popperjs-1.1.0.tgz?cache=0&sync_timestamp=1617713172143&other_urls=https%3A%2F%2Fregistry.npm.taobao.org%2F%40vant%2Fpopperjs%2Fdownload%2F%40vant%2Fpopperjs-1.1.0.tgz",
      "integrity": "sha1-tO3uW7+m+xhwWYbjE9T9XxeUKg8=",
      "requires": {
        "@popperjs/core": "^2.9.2"
      }
    },
    "@vue/babel-helper-vue-jsx-merge-props": {
      "version": "1.2.1",
      "resolved": "https://registry.npm.taobao.org/@vue/babel-helper-vue-jsx-merge-props/download/@vue/babel-helper-vue-jsx-merge-props-1.2.1.tgz",
      "integrity": "sha1-MWJKelBfsU2h1YAjclpMXycOaoE="
    },
    "@vueuse/core": {
      "version": "6.1.0",
      "resolved": "https://registry.npmmirror.com/@vueuse/core/download/@vueuse/core-6.1.0.tgz?cache=0&sync_timestamp=1632567527526&other_urls=https%3A%2F%2Fregistry.npmmirror.com%2F%40vueuse%2Fcore%2Fdownload%2F%40vueuse%2Fcore-6.1.0.tgz",
      "integrity": "sha1-gTfCkc9JsRwt7aTVB5CW5Vs2/Cg=",
      "requires": {
        "@vueuse/shared": "6.1.0",
        "vue-demi": "*"
      }
    },
    "@vueuse/shared": {
      "version": "6.1.0",
      "resolved": "https://registry.npmmirror.com/@vueuse/shared/download/@vueuse/shared-6.1.0.tgz?cache=0&sync_timestamp=1632567527823&other_urls=https%3A%2F%2Fregistry.npmmirror.com%2F%40vueuse%2Fshared%2Fdownload%2F%40vueuse%2Fshared-6.1.0.tgz",
      "integrity": "sha1-E3X9Qazv5S+aGELzxqijSHhlNbo=",
      "requires": {
        "vue-demi": "*"
      }
    },
    "async-validator": {
      "version": "4.0.3",
      "resolved": "https://registry.nlark.com/async-validator/download/async-validator-4.0.3.tgz?cache=0&sync_timestamp=1630393513282&other_urls=https%3A%2F%2Fregistry.nlark.com%2Fasync-validator%2Fdownload%2Fasync-validator-4.0.3.tgz",
      "integrity": "sha1-yOzWso/I4YsUvk7HxwRkH5mdN30="
    },
    "dayjs": {
      "version": "1.10.7",
      "resolved": "https://registry.nlark.com/dayjs/download/dayjs-1.10.7.tgz",
      "integrity": "sha1-LPX5Gt0oEWdIRAhmoKHSbzps5Gg="
    },
    "element-plus": {
      "version": "1.1.0-beta.19",
      "resolved": "https://registry.npmmirror.com/element-plus/download/element-plus-1.1.0-beta.19.tgz",
      "integrity": "sha1-I087w/HYIqcQIEXn7hI5tnXyesw=",
      "requires": {
        "@popperjs/core": "^2.10.1",
        "@vueuse/core": "~6.1.0",
        "async-validator": "^4.0.3",
        "dayjs": "^1.10.7",
        "lodash": "^4.17.21",
        "memoize-one": "^5.2.1",
        "normalize-wheel-es": "^1.1.0",
        "resize-observer-polyfill": "^1.5.1"
      }
    },
    "lodash": {
      "version": "4.17.21",
      "resolved": "https://registry.npm.taobao.org/lodash/download/lodash-4.17.21.tgz?cache=0&sync_timestamp=1615982514995&other_urls=https%3A%2F%2Fregistry.npm.taobao.org%2Flodash%2Fdownload%2Flodash-4.17.21.tgz",
      "integrity": "sha1-Z5WRxWTDv/quhFTPCz3zcMPWkRw="
    },
    "memoize-one": {
      "version": "5.2.1",
      "resolved": "https://registry.nlark.com/memoize-one/download/memoize-one-5.2.1.tgz",
      "integrity": "sha1-gzeqPEM1WBg57AHD1ZQJDOvo8A4="
    },
    "normalize-wheel-es": {
      "version": "1.1.0",
      "resolved": "https://registry.npmmirror.com/normalize-wheel-es/download/normalize-wheel-es-1.1.0.tgz",
      "integrity": "sha1-2wF68d1dTGIiwHrji8IkBJ0lhh4="
    },
    "regenerator-runtime": {
      "version": "0.13.9",
      "resolved": "https://registry.nlark.com/regenerator-runtime/download/regenerator-runtime-0.13.9.tgz?cache=0&sync_timestamp=1626993001371&other_urls=https%3A%2F%2Fregistry.nlark.com%2Fregenerator-runtime%2Fdownload%2Fregenerator-runtime-0.13.9.tgz",
      "integrity": "sha1-iSV0Kpj/2QgUmI11Zq0wyjsmO1I="
    },
    "resize-observer-polyfill": {
      "version": "1.5.1",
      "resolved": "https://registry.npm.taobao.org/resize-observer-polyfill/download/resize-observer-polyfill-1.5.1.tgz",
      "integrity": "sha1-DpAg3T0hAkRY1OvSfiPkAmmBBGQ="
    },
    "vant": {
      "version": "2.12.29",
      "resolved": "https://registry.npmmirror.com/vant/download/vant-2.12.29.tgz?cache=0&sync_timestamp=1632640314193&other_urls=https%3A%2F%2Fregistry.npmmirror.com%2Fvant%2Fdownload%2Fvant-2.12.29.tgz",
      "integrity": "sha1-uQmh7J4Qy1fSf7BGhMhGNaasMTg=",
      "requires": {
        "@babel/runtime": "7.x",
        "@vant/icons": "^1.7.1",
        "@vant/popperjs": "^1.1.0",
        "@vue/babel-helper-vue-jsx-merge-props": "^1.0.0",
        "vue-lazyload": "1.2.3"
      }
    },
    "vue-demi": {
      "version": "0.11.4",
      "resolved": "https://registry.nlark.com/vue-demi/download/vue-demi-0.11.4.tgz?cache=0&sync_timestamp=1630868339719&other_urls=https%3A%2F%2Fregistry.nlark.com%2Fvue-demi%2Fdownload%2Fvue-demi-0.11.4.tgz",
      "integrity": "sha1-YQGZL+RyTPVjQBihbpU/MFLpTio="
    },
    "vue-lazyload": {
      "version": "1.2.3",
      "resolved": "https://registry.npm.taobao.org/vue-lazyload/download/vue-lazyload-1.2.3.tgz",
      "integrity": "sha1-kB+ewVx+bKeHgaK65KNDaGve2yw="
    }
  }
}
